
Microsoft Visual Studio Solution File, Format Version 12.00
# Visual Studio 15
VisualStudioVersion = 15.0.28307.421
MinimumVisualStudioVersion = 10.0.40219.1
Project("{FAE04EC0-301F-11D3-BF4B-00C04F79EFBC}") = "DrawingTools", "DrawingTools.csproj", "{C5078659-907E-43AB-A0ED-0EC4E5AA677E}"
EndProject
Project("{FAE04EC0-301F-11D3-BF4B-00C04F79EFBC}") = "DrawingTool", "..\DrawingTool\DrawingTool.csproj", "{0B0EA7DA-3DC6-46B7-8C01-760F7E3A6DBB}"
EndProject
Global
	GlobalSection(SolutionConfigurationPlatforms) = preSolution
		Debug|Any CPU = Debug|Any CPU
		Release|Any CPU = Release|Any CPU
	EndGlobalSection
	GlobalSection(ProjectConfigurationPlatforms) = postSolution
		{C5078659-907E-43AB-A0ED-0EC4E5AA677E}.Debug|Any CPU.ActiveCfg = Debug|Any CPU
		{C5078659-907E-43AB-A0ED-0EC4E5AA677E}.Debug|Any CPU.Build.0 = Debug|Any CPU
		{C5078659-907E-43AB-A0ED-0EC4E5AA677E}.Release|Any CPU.ActiveCfg = Release|Any CPU
		{C5078659-907E-43AB-A0ED-0EC4E5AA677E}.Release|Any CPU.Build.0 = Release|Any CPU
		{0B0EA7DA-3DC6-46B7-8C01-760F7E3A6DBB}.Debug|Any CPU.ActiveCfg = Debug|Any CPU
		{0B0EA7DA-3DC6-46B7-8C01-760F7E3A6DBB}.Debug|Any CPU.Build.0 = Debug|Any CPU
		{0B0EA7DA-3DC6-46B7-8C01-760F7E3A6DBB}.Release|Any CPU.ActiveCfg = Release|Any CPU
		{0B0EA7DA-3DC6-46B7-8C01-760F7E3A6DBB}.Release|Any CPU.Build.0 = Release|Any CPU
	EndGlobalSection
	GlobalSection(SolutionProperties) = preSolution
		HideSolutionNode = FALSE
	EndGlobalSection
	GlobalSection(ExtensibilityGlobals) = postSolution
		SolutionGuid = {24DEEE25-9331-402A-8A48-DA19B6CDD28F}
	EndGlobalSection
EndGlobal
